
Microsoft Visual Studio Solution File, Format Version 12.00
# Visual Studio Version 16
VisualStudioVersion = 16.0.31515.178
MinimumVisualStudioVersion = 10.0.40219.1
Project("{FAE04EC0-301F-11D3-BF4B-00C04F79EFBC}") = "WebApplicationAPI", "WebApplicationAPI.csproj", "{DA5167A2-6143-43BF-8F2B-41D4A6A671CD}"
EndProject
Global
	GlobalSection(SolutionConfigurationPlatforms) = preSolution
		Debug|Any CPU = Debug|Any CPU
		Release|Any CPU = Release|Any CPU
	EndGlobalSection
	GlobalSection(ProjectConfigurationPlatforms) = postSolution
		{DA5167A2-6143-43BF-8F2B-41D4A6A671CD}.Debug|Any CPU.ActiveCfg = Debug|Any CPU
		{DA5167A2-6143-43BF-8F2B-41D4A6A671CD}.Debug|Any CPU.Build.0 = Debug|Any CPU
		{DA5167A2-6143-43BF-8F2B-41D4A6A671CD}.Release|Any CPU.ActiveCfg = Release|Any CPU
		{DA5167A2-6143-43BF-8F2B-41D4A6A671CD}.Release|Any CPU.Build.0 = Release|Any CPU
	EndGlobalSection
	GlobalSection(SolutionProperties) = preSolution
		HideSolutionNode = FALSE
	EndGlobalSection
	GlobalSection(ExtensibilityGlobals) = postSolution
		SolutionGuid = {EF7E5989-2FF9-42E2-A620-56B2822B6E76}
	EndGlobalSection
EndGlobal
